PODS:
  - ExtensibleEnumeratedName (1.0.3)
  - WolfFoundation (2.1.0):
    - WolfNumerics
    - WolfPipe
  - WolfGeometry (2.0.1):
    - ExtensibleEnumeratedName
    - WolfFoundation
    - WolfNumerics
    - WolfStrings
  - WolfNumerics (3.0.0)
  - WolfOSBridge (1.1.0)
  - WolfPipe (1.1.0)
  - WolfStrings (1.2.1):
    - ExtensibleEnumeratedName
    - WolfNumerics
    - WolfOSBridge
    - WolfPipe
    - WolfWith
  - WolfWith (1.0.2)

DEPENDENCIES:
  - WolfGeometry (from `../`)

SPEC REPOS:
  https://github.com/cocoapods/specs.git:
    - ExtensibleEnumeratedName
    - WolfFoundation
    - WolfNumerics
    - WolfOSBridge
    - WolfPipe
    - WolfStrings
    - WolfWith

EXTERNAL SOURCES:
  WolfGeometry:
    :path: "../"

SPEC CHECKSUMS:
  ExtensibleEnumeratedName: c6caeb662f79105e7229a613f9043e8a7e15e642
  WolfFoundation: e3738fadbd87d3867c9a3894eed514576f7c6896
  WolfGeometry: 0543df4ddc413df6c2fbbc1d3b9b3608cd99e008
  WolfNumerics: 073642f01957a5602df21531e8b2fd31e8b92042
  WolfOSBridge: b44c359c659d4ac704602f3f18336ffedfbb5d6a
  WolfPipe: 5d5633fb37d8a524e326ad9cf24420f0971c8235
  WolfStrings: cb9fa16cb9853699764ee7f1eda2bcc75fe9d4f2
  WolfWith: 46dbfeaa023972bb82387740ca38c976bc65fbac

PODFILE CHECKSUM: c83a328b96782f939891e5bc7a11cb20403ac760

COCOAPODS: 1.6.0.beta.2
