{
  "object": {
    "pins": [
      {
        "package": "ExtensibleEnumeratedName",
        "repositoryURL": "https://github.com/wolfmcnally/ExtensibleEnumeratedName",
        "state": {
          "branch": null,
          "revision": "8406ea55b2c757a85f226a831b0dc36f28d2af01",
          "version": "2.0.0"
        }
      },
      {
        "package": "WolfFoundation",
        "repositoryURL": "https://github.com/wolfmcnally/WolfFoundation",
        "state": {
          "branch": null,
          "revision": "e227acb92d15a7e053a4ebd5cc5adcb8eaf2d921",
          "version": "3.0.0"
        }
      },
      {
        "package": "WolfNumerics",
        "repositoryURL": "https://github.com/wolfmcnally/WolfNumerics",
        "state": {
          "branch": null,
          "revision": "fe64757d75bf2a286444e1fc2c7bf297a7a1e3d6",
          "version": "4.0.0"
        }
      },
      {
        "package": "WolfOSBridge",
        "repositoryURL": "https://github.com/wolfmcnally/WolfOSBridge",
        "state": {
          "branch": null,
          "revision": "fc8896c8664d6bc53fdbfdd546b8a72e0c47fafa",
          "version": "2.0.0"
        }
      },
      {
        "package": "WolfPipe",
        "repositoryURL": "https://github.com/wolfmcnally/WolfPipe",
        "state": {
          "branch": null,
          "revision": "a7dc75088089fdb6115ab275738a37d8d79a831e",
          "version": "2.0.0"
        }
      },
      {
        "package": "WolfStrings",
        "repositoryURL": "https://github.com/wolfmcnally/WolfStrings",
        "state": {
          "branch": null,
          "revision": "73f2cfe923b61771490f29b42e01e78b74342098",
          "version": "2.0.0"
        }
      },
      {
        "package": "WolfWith",
        "repositoryURL": "https://github.com/wolfmcnally/WolfWith",
        "state": {
          "branch": null,
          "revision": "b8fc5b2b422c193b8ce88260e006c27a7bc0a282",
          "version": "2.0.1"
        }
      }
    ]
  },
  "version": 1
}
